
Microsoft Visual Studio Solution File, Format Version 12.00
# Visual Studio Version 17
VisualStudioVersion = 17.6.33829.357
MinimumVisualStudioVersion = 10.0.40219.1
Project("{FAE04EC0-301F-11D3-BF4B-00C04F79EFBC}") = "DOTNETTRAINEES", "DOTNETTRAINEES\DOTNETTRAINEES.csproj", "{78D534C5-9C90-4E0D-B32E-0453D0A571A5}"
EndProject
Project("{FAE04EC0-301F-11D3-BF4B-00C04F79EFBC}") = "ACCESSEXAMPLE", "ACCESSEXAMPLE\ACCESSEXAMPLE.csproj", "{3B78A4C1-99F5-4F1B-BD77-50A93242986B}"
EndProject
Project("{FAE04EC0-301F-11D3-BF4B-00C04F79EFBC}") = "Task2", "Task2\Task2.csproj", "{233AFB6F-0DF4-4A54-956C-0E2166625015}"
EndProject
Project("{FAE04EC0-301F-11D3-BF4B-00C04F79EFBC}") = "Task3", "Task3\Task3.csproj", "{52F5C260-E497-4494-9744-D06240A4C291}"
EndProject
Project("{FAE04EC0-301F-11D3-BF4B-00C04F79EFBC}") = "Task4", "Task4\Task4.csproj", "{CE63B4AC-7BD9-45C2-AF2D-528ACECD39D9}"
EndProject
Project("{FAE04EC0-301F-11D3-BF4B-00C04F79EFBC}") = "Task5", "Task5\Task5.csproj", "{3154500F-8625-4965-8799-BFC7A7C9407E}"
EndProject
Global
	GlobalSection(SolutionConfigurationPlatforms) = preSolution
		Debug|Any CPU = Debug|Any CPU
		Release|Any CPU = Release|Any CPU
	EndGlobalSection
	GlobalSection(ProjectConfigurationPlatforms) = postSolution
		{78D534C5-9C90-4E0D-B32E-0453D0A571A5}.Debug|Any CPU.ActiveCfg = Debug|Any CPU
		{78D534C5-9C90-4E0D-B32E-0453D0A571A5}.Debug|Any CPU.Build.0 = Debug|Any CPU
		{78D534C5-9C90-4E0D-B32E-0453D0A571A5}.Release|Any CPU.ActiveCfg = Release|Any CPU
		{78D534C5-9C90-4E0D-B32E-0453D0A571A5}.Release|Any CPU.Build.0 = Release|Any CPU
		{3B78A4C1-99F5-4F1B-BD77-50A93242986B}.Debug|Any CPU.ActiveCfg = Debug|Any CPU
		{3B78A4C1-99F5-4F1B-BD77-50A93242986B}.Debug|Any CPU.Build.0 = Debug|Any CPU
		{3B78A4C1-99F5-4F1B-BD77-50A93242986B}.Release|Any CPU.ActiveCfg = Release|Any CPU
		{3B78A4C1-99F5-4F1B-BD77-50A93242986B}.Release|Any CPU.Build.0 = Release|Any CPU
		{233AFB6F-0DF4-4A54-956C-0E2166625015}.Debug|Any CPU.ActiveCfg = Debug|Any CPU
		{233AFB6F-0DF4-4A54-956C-0E2166625015}.Debug|Any CPU.Build.0 = Debug|Any CPU
		{233AFB6F-0DF4-4A54-956C-0E2166625015}.Release|Any CPU.ActiveCfg = Release|Any CPU
		{233AFB6F-0DF4-4A54-956C-0E2166625015}.Release|Any CPU.Build.0 = Release|Any CPU
		{52F5C260-E497-4494-9744-D06240A4C291}.Debug|Any CPU.ActiveCfg = Debug|Any CPU
		{52F5C260-E497-4494-9744-D06240A4C291}.Debug|Any CPU.Build.0 = Debug|Any CPU
		{52F5C260-E497-4494-9744-D06240A4C291}.Release|Any CPU.ActiveCfg = Release|Any CPU
		{52F5C260-E497-4494-9744-D06240A4C291}.Release|Any CPU.Build.0 = Release|Any CPU
		{CE63B4AC-7BD9-45C2-AF2D-528ACECD39D9}.Debug|Any CPU.ActiveCfg = Debug|Any CPU
		{CE63B4AC-7BD9-45C2-AF2D-528ACECD39D9}.Debug|Any CPU.Build.0 = Debug|Any CPU
		{CE63B4AC-7BD9-45C2-AF2D-528ACECD39D9}.Release|Any CPU.ActiveCfg = Release|Any CPU
		{CE63B4AC-7BD9-45C2-AF2D-528ACECD39D9}.Release|Any CPU.Build.0 = Release|Any CPU
		{3154500F-8625-4965-8799-BFC7A7C9407E}.Debug|Any CPU.ActiveCfg = Debug|Any CPU
		{3154500F-8625-4965-8799-BFC7A7C9407E}.Debug|Any CPU.Build.0 = Debug|Any CPU
		{3154500F-8625-4965-8799-BFC7A7C9407E}.Release|Any CPU.ActiveCfg = Release|Any CPU
		{3154500F-8625-4965-8799-BFC7A7C9407E}.Release|Any CPU.Build.0 = Release|Any CPU
	EndGlobalSection
	GlobalSection(SolutionProperties) = preSolution
		HideSolutionNode = FALSE
	EndGlobalSection
	GlobalSection(ExtensibilityGlobals) = postSolution
		SolutionGuid = {73FA5F1C-4E28-4D75-9F2B-03A1DE71DBD8}
	EndGlobalSection
EndGlobal
