
Microsoft Visual Studio Solution File, Format Version 12.00
# Visual Studio Version 17
VisualStudioVersion = 17.6.33829.357
MinimumVisualStudioVersion = 10.0.40219.1
Project("{FAE04EC0-301F-11D3-BF4B-00C04F79EFBC}") = "DOTNETTRAINEES", "DOTNETTRAINEES\DOTNETTRAINEES.csproj", "{78D534C5-9C90-4E0D-B32E-0453D0A571A5}"
EndProject
Project("{FAE04EC0-301F-11D3-BF4B-00C04F79EFBC}") = "ACCESSEXAMPLE", "ACCESSEXAMPLE\ACCESSEXAMPLE.csproj", "{3B78A4C1-99F5-4F1B-BD77-50A93242986B}"
EndProject
Project("{FAE04EC0-301F-11D3-BF4B-00C04F79EFBC}") = "Task2", "Task2\Task2.csproj", "{233AFB6F-0DF4-4A54-956C-0E2166625015}"
EndProject
Project("{FAE04EC0-301F-11D3-BF4B-00C04F79EFBC}") = "Task3", "Task3\Task3.csproj", "{52F5C260-E497-4494-9744-D06240A4C291}"
EndProject
Project("{FAE04EC0-301F-11D3-BF4B-00C04F79EFBC}") = "Task4", "Task4\Task4.csproj", "{CE63B4AC-7BD9-45C2-AF2D-528ACECD39D9}"
EndProject
Project("{FAE04EC0-301F-11D3-BF4B-00C04F79EFBC}") = "Task5", "Task5\Task5.csproj", "{3154500F-8625-4965-8799-BFC7A7C9407E}"
EndProject
Project("{FAE04EC0-301F-11D3-BF4B-00C04F79EFBC}") = "Task6", "Task6\Task6.csproj", "{2915061F-5BCB-4B75-A6BA-362AEDB1D38D}"
EndProject
Project("{FAE04EC0-301F-11D3-BF4B-00C04F79EFBC}") = "Task7", "Task7\Task7.csproj", "{BCCBA531-7F42-4DDF-A56D-D63E0769D5BD}"
EndProject
Project("{FAE04EC0-301F-11D3-BF4B-00C04F79EFBC}") = "Task8", "Task8\Task8.csproj", "{01C9CBB0-1227-48E0-85DB-4CB89F04B0C9}"
EndProject
Project("{FAE04EC0-301F-11D3-BF4B-00C04F79EFBC}") = "Task9", "Task9\Task9.csproj", "{E21362BC-EB37-4874-98BB-380D080920CD}"
EndProject
Project("{FAE04EC0-301F-11D3-BF4B-00C04F79EFBC}") = "Test", "Test\Test.csproj", "{19A4897F-994D-493F-A69A-9971E38F60E2}"
EndProject
Project("{FAE04EC0-301F-11D3-BF4B-00C04F79EFBC}") = "Task10", "Task10\Task10.csproj", "{0F1E0C6B-085A-4CAA-A374-516700D84F17}"
EndProject
Project("{FAE04EC0-301F-11D3-BF4B-00C04F79EFBC}") = "Task11", "Task11\Task11.csproj", "{5C77C63E-B9DB-48D3-8DDA-292E2A0467D3}"
EndProject
Project("{FAE04EC0-301F-11D3-BF4B-00C04F79EFBC}") = "Task112", "Task112\Task112.csproj", "{03C32B00-7819-4B8E-A03B-F65134BBBA22}"
EndProject
Global
	GlobalSection(SolutionConfigurationPlatforms) = preSolution
		Debug|Any CPU = Debug|Any CPU
		Release|Any CPU = Release|Any CPU
	EndGlobalSection
	GlobalSection(ProjectConfigurationPlatforms) = postSolution
		{78D534C5-9C90-4E0D-B32E-0453D0A571A5}.Debug|Any CPU.ActiveCfg = Debug|Any CPU
		{78D534C5-9C90-4E0D-B32E-0453D0A571A5}.Debug|Any CPU.Build.0 = Debug|Any CPU
		{78D534C5-9C90-4E0D-B32E-0453D0A571A5}.Release|Any CPU.ActiveCfg = Release|Any CPU
		{78D534C5-9C90-4E0D-B32E-0453D0A571A5}.Release|Any CPU.Build.0 = Release|Any CPU
		{3B78A4C1-99F5-4F1B-BD77-50A93242986B}.Debug|Any CPU.ActiveCfg = Debug|Any CPU
		{3B78A4C1-99F5-4F1B-BD77-50A93242986B}.Debug|Any CPU.Build.0 = Debug|Any CPU
		{3B78A4C1-99F5-4F1B-BD77-50A93242986B}.Release|Any CPU.ActiveCfg = Release|Any CPU
		{3B78A4C1-99F5-4F1B-BD77-50A93242986B}.Release|Any CPU.Build.0 = Release|Any CPU
		{233AFB6F-0DF4-4A54-956C-0E2166625015}.Debug|Any CPU.ActiveCfg = Debug|Any CPU
		{233AFB6F-0DF4-4A54-956C-0E2166625015}.Debug|Any CPU.Build.0 = Debug|Any CPU
		{233AFB6F-0DF4-4A54-956C-0E2166625015}.Release|Any CPU.ActiveCfg = Release|Any CPU
		{233AFB6F-0DF4-4A54-956C-0E2166625015}.Release|Any CPU.Build.0 = Release|Any CPU
		{52F5C260-E497-4494-9744-D06240A4C291}.Debug|Any CPU.ActiveCfg = Debug|Any CPU
		{52F5C260-E497-4494-9744-D06240A4C291}.Debug|Any CPU.Build.0 = Debug|Any CPU
		{52F5C260-E497-4494-9744-D06240A4C291}.Release|Any CPU.ActiveCfg = Release|Any CPU
		{52F5C260-E497-4494-9744-D06240A4C291}.Release|Any CPU.Build.0 = Release|Any CPU
		{CE63B4AC-7BD9-45C2-AF2D-528ACECD39D9}.Debug|Any CPU.ActiveCfg = Debug|Any CPU
		{CE63B4AC-7BD9-45C2-AF2D-528ACECD39D9}.Debug|Any CPU.Build.0 = Debug|Any CPU
		{CE63B4AC-7BD9-45C2-AF2D-528ACECD39D9}.Release|Any CPU.ActiveCfg = Release|Any CPU
		{CE63B4AC-7BD9-45C2-AF2D-528ACECD39D9}.Release|Any CPU.Build.0 = Release|Any CPU
		{3154500F-8625-4965-8799-BFC7A7C9407E}.Debug|Any CPU.ActiveCfg = Debug|Any CPU
		{3154500F-8625-4965-8799-BFC7A7C9407E}.Debug|Any CPU.Build.0 = Debug|Any CPU
		{3154500F-8625-4965-8799-BFC7A7C9407E}.Release|Any CPU.ActiveCfg = Release|Any CPU
		{3154500F-8625-4965-8799-BFC7A7C9407E}.Release|Any CPU.Build.0 = Release|Any CPU
		{2915061F-5BCB-4B75-A6BA-362AEDB1D38D}.Debug|Any CPU.ActiveCfg = Debug|Any CPU
		{2915061F-5BCB-4B75-A6BA-362AEDB1D38D}.Debug|Any CPU.Build.0 = Debug|Any CPU
		{2915061F-5BCB-4B75-A6BA-362AEDB1D38D}.Release|Any CPU.ActiveCfg = Release|Any CPU
		{2915061F-5BCB-4B75-A6BA-362AEDB1D38D}.Release|Any CPU.Build.0 = Release|Any CPU
		{BCCBA531-7F42-4DDF-A56D-D63E0769D5BD}.Debug|Any CPU.ActiveCfg = Debug|Any CPU
		{BCCBA531-7F42-4DDF-A56D-D63E0769D5BD}.Debug|Any CPU.Build.0 = Debug|Any CPU
		{BCCBA531-7F42-4DDF-A56D-D63E0769D5BD}.Release|Any CPU.ActiveCfg = Release|Any CPU
		{BCCBA531-7F42-4DDF-A56D-D63E0769D5BD}.Release|Any CPU.Build.0 = Release|Any CPU
		{01C9CBB0-1227-48E0-85DB-4CB89F04B0C9}.Debug|Any CPU.ActiveCfg = Debug|Any CPU
		{01C9CBB0-1227-48E0-85DB-4CB89F04B0C9}.Debug|Any CPU.Build.0 = Debug|Any CPU
		{01C9CBB0-1227-48E0-85DB-4CB89F04B0C9}.Release|Any CPU.ActiveCfg = Release|Any CPU
		{01C9CBB0-1227-48E0-85DB-4CB89F04B0C9}.Release|Any CPU.Build.0 = Release|Any CPU
		{E21362BC-EB37-4874-98BB-380D080920CD}.Debug|Any CPU.ActiveCfg = Debug|Any CPU
		{E21362BC-EB37-4874-98BB-380D080920CD}.Debug|Any CPU.Build.0 = Debug|Any CPU
		{E21362BC-EB37-4874-98BB-380D080920CD}.Release|Any CPU.ActiveCfg = Release|Any CPU
		{E21362BC-EB37-4874-98BB-380D080920CD}.Release|Any CPU.Build.0 = Release|Any CPU
		{19A4897F-994D-493F-A69A-9971E38F60E2}.Debug|Any CPU.ActiveCfg = Debug|Any CPU
		{19A4897F-994D-493F-A69A-9971E38F60E2}.Debug|Any CPU.Build.0 = Debug|Any CPU
		{19A4897F-994D-493F-A69A-9971E38F60E2}.Release|Any CPU.ActiveCfg = Release|Any CPU
		{19A4897F-994D-493F-A69A-9971E38F60E2}.Release|Any CPU.Build.0 = Release|Any CPU
		{0F1E0C6B-085A-4CAA-A374-516700D84F17}.Debug|Any CPU.ActiveCfg = Debug|Any CPU
		{0F1E0C6B-085A-4CAA-A374-516700D84F17}.Debug|Any CPU.Build.0 = Debug|Any CPU
		{0F1E0C6B-085A-4CAA-A374-516700D84F17}.Release|Any CPU.ActiveCfg = Release|Any CPU
		{0F1E0C6B-085A-4CAA-A374-516700D84F17}.Release|Any CPU.Build.0 = Release|Any CPU
		{5C77C63E-B9DB-48D3-8DDA-292E2A0467D3}.Debug|Any CPU.ActiveCfg = Debug|Any CPU
		{5C77C63E-B9DB-48D3-8DDA-292E2A0467D3}.Debug|Any CPU.Build.0 = Debug|Any CPU
		{5C77C63E-B9DB-48D3-8DDA-292E2A0467D3}.Release|Any CPU.ActiveCfg = Release|Any CPU
		{5C77C63E-B9DB-48D3-8DDA-292E2A0467D3}.Release|Any CPU.Build.0 = Release|Any CPU
		{03C32B00-7819-4B8E-A03B-F65134BBBA22}.Debug|Any CPU.ActiveCfg = Debug|Any CPU
		{03C32B00-7819-4B8E-A03B-F65134BBBA22}.Debug|Any CPU.Build.0 = Debug|Any CPU
		{03C32B00-7819-4B8E-A03B-F65134BBBA22}.Release|Any CPU.ActiveCfg = Release|Any CPU
		{03C32B00-7819-4B8E-A03B-F65134BBBA22}.Release|Any CPU.Build.0 = Release|Any CPU
	EndGlobalSection
	GlobalSection(SolutionProperties) = preSolution
		HideSolutionNode = FALSE
	EndGlobalSection
	GlobalSection(ExtensibilityGlobals) = postSolution
		SolutionGuid = {73FA5F1C-4E28-4D75-9F2B-03A1DE71DBD8}
	EndGlobalSection
EndGlobal
